
Microsoft Visual Studio Solution File, Format Version 12.00
# Visual Studio Version 16
VisualStudioVersion = 16.0.31410.357
MinimumVisualStudioVersion = 10.0.40219.1
Project("{FAE04EC0-301F-11D3-BF4B-00C04F79EFBC}") = "SampleApp", "SampleApp\SampleApp.csproj", "{526E0245-342E-4B83-A88D-34C0B5A0E101}"
EndProject
Global
	GlobalSection(SolutionConfigurationPlatforms) = preSolution
		Debug|Any CPU = Debug|Any CPU
		Release|Any CPU = Release|Any CPU
	EndGlobalSection
	GlobalSection(ProjectConfigurationPlatforms) = postSolution
		{526E0245-342E-4B83-A88D-34C0B5A0E101}.Debug|Any CPU.ActiveCfg = Debug|Any CPU
		{526E0245-342E-4B83-A88D-34C0B5A0E101}.Debug|Any CPU.Build.0 = Debug|Any CPU
		{526E0245-342E-4B83-A88D-34C0B5A0E101}.Release|Any CPU.ActiveCfg = Release|Any CPU
		{526E0245-342E-4B83-A88D-34C0B5A0E101}.Release|Any CPU.Build.0 = Release|Any CPU
	EndGlobalSection
	GlobalSection(SolutionProperties) = preSolution
		HideSolutionNode = FALSE
	EndGlobalSection
	GlobalSection(ExtensibilityGlobals) = postSolution
		SolutionGuid = {AE66A316-DE71-489A-8D6B-C23FB9C265C2}
	EndGlobalSection
EndGlobal
